Microsoft Visual Studio Solution File, Format Version 11.00
# Visual Studio 2008

Project("{4D62DC6C-EEEA-518C-8AAD-04D1D75FEAE5}") = "RunningMachine", "Assembly-CSharp.csproj", "{D3F86016-9C3B-0687-0660-D542E7B17700}"
EndProject
Project("{4D62DC6C-EEEA-518C-8AAD-04D1D75FEAE5}") = "RunningMachine", "Assembly-CSharp-Editor.csproj", "{9444A287-9371-EC6B-5490-F69F4956F82E}"
EndProject
Global
	GlobalSection(SolutionConfigurationPlatforms) = preSolution
		Debug|Any CPU = Debug|Any CPU
		Release|Any CPU = Release|Any CPU
	EndGlobalSection
	GlobalSection(ProjectConfigurationPlatforms) = postSolution
		{D3F86016-9C3B-0687-0660-D542E7B17700}.Debug|Any CPU.ActiveCfg = Debug|Any CPU
		{D3F86016-9C3B-0687-0660-D542E7B17700}.Debug|Any CPU.Build.0 = Debug|Any CPU
		{D3F86016-9C3B-0687-0660-D542E7B17700}.Release|Any CPU.ActiveCfg = Release|Any CPU
		{D3F86016-9C3B-0687-0660-D542E7B17700}.Release|Any CPU.Build.0 = Release|Any CPU
		{9444A287-9371-EC6B-5490-F69F4956F82E}.Debug|Any CPU.ActiveCfg = Debug|Any CPU
		{9444A287-9371-EC6B-5490-F69F4956F82E}.Debug|Any CPU.Build.0 = Debug|Any CPU
		{9444A287-9371-EC6B-5490-F69F4956F82E}.Release|Any CPU.ActiveCfg = Release|Any CPU
		{9444A287-9371-EC6B-5490-F69F4956F82E}.Release|Any CPU.Build.0 = Release|Any CPU
	EndGlobalSection
	GlobalSection(SolutionProperties) = preSolution
		HideSolutionNode = FALSE
	EndGlobalSection
	GlobalSection(MonoDevelopProperties) = preSolution
		StartupItem = Assembly-CSharp.csproj
	EndGlobalSection
EndGlobal
